<?xml version="1.0" encoding="utf-8"?>
<Project ToolsVersion="4.0" xmlns="http://schemas.microsoft.com/developer/msbuild/2003">
  <ItemGroup>
    <Filter Include="Sources">
      <UniqueIdentifier>{8b7ed093-66ce-4096-96d2-fbb9faa4bf52}</UniqueIdentifier>
    </Filter>
    <Filter Include="Sources\Modules">
      <UniqueIdentifier>{7b418be2-1631-4a31-9ef2-8a8b234a7339}</UniqueIdentifier>
    </Filter>
    <Filter Include="Sources\Containers">
      <UniqueIdentifier>{afc36133-f401-499a-aa33-0da1e500fb52}</UniqueIdentifier>
    </Filter>
    <Filter Include="Sources\Tools">
      <UniqueIdentifier>{7e4dfaf7-022c-4f7d-92aa-f3b3fa9d6248}</UniqueIdentifier>
    </Filter>
    <Filter Include="Sources\Modules\Main">
      <UniqueIdentifier>{50ea56d3-2a34-4c10-b2af-f7df96052f87}</UniqueIdentifier>
    </Filter>
    <Filter Include="Sources\Modules\GUI">
      <UniqueIdentifier>{a0fac03e-30a5-4409-aafb-792f5dd38203}</UniqueIdentifier>
    </Filter>
    <Filter Include="Sources\Modules\GUI\Panels">
      <UniqueIdentifier>{cbf34549-1379-4b24-be26-4f46a0b8bf76}</UniqueIdentifier>
    </Filter>
    <Filter Include="Sources\Tools\MathGeoLib">
      <UniqueIdentifier>{83d16851-bbe8-4e10-8059-d3e7bcdd452a}</UniqueIdentifier>
    </Filter>
    <Filter Include="Sources\Tools\MathGeoLib\Time">
      <UniqueIdentifier>{9b6a14c6-d56f-44dc-9d34-c17cc77e6ea9}</UniqueIdentifier>
    </Filter>
    <Filter Include="Sources\Tools\MathGeoLib\Math">
      <UniqueIdentifier>{d8a66f07-97d2-4efe-8501-cc139cfd2db3}</UniqueIdentifier>
    </Filter>
    <Filter Include="Sources\Tools\MathGeoLib\Geometry">
      <UniqueIdentifier>{d06808b7-056d-4cf1-92f2-a2bab3500360}</UniqueIdentifier>
    </Filter>
    <Filter Include="Sources\Tools\MathGeoLib\Algorithm">
      <UniqueIdentifier>{c48c385b-eadb-4709-9cc3-d2a021713dd5}</UniqueIdentifier>
    </Filter>
    <Filter Include="Sources\Tools\MathGeoLib\Algorithm\Random">
      <UniqueIdentifier>{179cafc7-60a3-4c1e-8afb-955596331e63}</UniqueIdentifier>
    </Filter>
    <Filter Include="Sources\Tools\imgui">
      <UniqueIdentifier>{a47bf538-53bf-46b5-bdcc-cb0620bb2550}</UniqueIdentifier>
    </Filter>
    <Filter Include="Sources\Tools\GPUDetect">
      <UniqueIdentifier>{43f76ec5-fcab-41ac-9072-27886a3bb3fe}</UniqueIdentifier>
    </Filter>
    <Filter Include="Sources\Tools\Glew">
      <UniqueIdentifier>{981a4c1e-ff65-4504-afc5-7c7c7a2b43ea}</UniqueIdentifier>
    </Filter>
    <Filter Include="Sources\Tools\Assimp">
      <UniqueIdentifier>{0da852c7-8e02-485a-9078-50fb98dfebf2}</UniqueIdentifier>
    </Filter>
    <Filter Include="Sources\Tools\DevIL">
      <UniqueIdentifier>{918fa67f-95bc-42e3-98e8-c8fa3981e845}</UniqueIdentifier>
    </Filter>
    <Filter Include="Sources\GameObjects">
      <UniqueIdentifier>{121f8e6b-df36-4ab0-be0d-601ddfc9e503}</UniqueIdentifier>
    </Filter>
    <Filter Include="Sources\GameObjects\Components">
      <UniqueIdentifier>{27b465e4-3d9c-41be-8662-acb677cddad6}</UniqueIdentifier>
    </Filter>
    <Filter Include="Sources\Tools\PhysFS">
      <UniqueIdentifier>{c02534b9-9d71-484d-ba3a-0e208ddac9e8}</UniqueIdentifier>
    </Filter>
    <Filter Include="Sources\Tools\rapidjson">
      <UniqueIdentifier>{4b82a738-7f23-46ca-9009-af970eeef61c}</UniqueIdentifier>
    </Filter>
    <Filter Include="Sources\Tools\rapidjson\error">
      <UniqueIdentifier>{37fa84f4-eea3-4044-94e8-af9886dc8d17}</UniqueIdentifier>
    </Filter>
    <Filter Include="Sources\Tools\rapidjson\internal">
      <UniqueIdentifier>{f42c1c1e-8db5-40db-9d15-a20bc06203cb}</UniqueIdentifier>
    </Filter>
    <Filter Include="Sources\Tools\rapidjson\msinttypes">
      <UniqueIdentifier>{688cbd24-15bb-485d-b08f-ec7816472019}</UniqueIdentifier>
    </Filter>
    <Filter Include="Sources\GameObjects\Resources">
      <UniqueIdentifier>{3e3a4bf3-0a0f-4011-9e8d-96ae3d835174}</UniqueIdentifier>
    </Filter>
  </ItemGroup>
  <ItemGroup>
    <ClInclude Include="Application.h">
      <Filter>Sources</Filter>
    </ClInclude>
    <ClInclude Include="Globals.h">
      <Filter>Sources</Filter>
    </ClInclude>
    <ClInclude Include="Color.h">
      <Filter>Sources\Containers</Filter>
    </ClInclude>
    <ClInclude Include="Timer.h">
      <Filter>Sources\Tools</Filter>
    </ClInclude>
    <ClInclude Include="External\Glew\include\glew.h">
      <Filter>Sources\Tools\Glew</Filter>
    </ClInclude>
    <ClInclude Include="ModuleWindow.h">
      <Filter>Sources\Modules\Main</Filter>
    </ClInclude>
    <ClInclude Include="Module.h">
      <Filter>Sources\Modules\Main</Filter>
    </ClInclude>
    <ClInclude Include="ModuleCamera3D.h">
      <Filter>Sources\Modules\Main</Filter>
    </ClInclude>
    <ClInclude Include="ModuleInput.h">
      <Filter>Sources\Modules\Main</Filter>
    </ClInclude>
    <ClInclude Include="ModuleRenderer3D.h">
      <Filter>Sources\Modules\Main</Filter>
    </ClInclude>
    <ClInclude Include="External\MathGeoLib\include\MathBuildConfig.h">
      <Filter>Sources\Tools\MathGeoLib</Filter>
    </ClInclude>
    <ClInclude Include="External\MathGeoLib\include\MathGeoLib.h">
      <Filter>Sources\Tools\MathGeoLib</Filter>
    </ClInclude>
    <ClInclude Include="External\MathGeoLib\include\MathGeoLibFwd.h">
      <Filter>Sources\Tools\MathGeoLib</Filter>
    </ClInclude>
    <ClInclude Include="External\MathGeoLib\include\Time\Clock.h">
      <Filter>Sources\Tools\MathGeoLib\Time</Filter>
    </ClInclude>
    <ClInclude Include="External\MathGeoLib\include\Math\assume.h">
      <Filter>Sources\Tools\MathGeoLib\Math</Filter>
    </ClInclude>
    <ClInclude Include="External\MathGeoLib\include\Math\BitFuncs.h">
      <Filter>Sources\Tools\MathGeoLib\Math</Filter>
    </ClInclude>
    <ClInclude Include="External\MathGeoLib\include\Math\BitOps.h">
      <Filter>Sources\Tools\MathGeoLib\Math</Filter>
    </ClInclude>
    <ClInclude Include="External\MathGeoLib\include\Math\Callstack.h">
      <Filter>Sources\Tools\MathGeoLib\Math</Filter>
    </ClInclude>
    <ClInclude Include="External\MathGeoLib\include\Math\FixedPoint.h">
      <Filter>Sources\Tools\MathGeoLib\Math</Filter>
    </ClInclude>
    <ClInclude Include="External\MathGeoLib\include\Math\float2.h">
      <Filter>Sources\Tools\MathGeoLib\Math</Filter>
    </ClInclude>
    <ClInclude Include="External\MathGeoLib\include\Math\float3.h">
      <Filter>Sources\Tools\MathGeoLib\Math</Filter>
    </ClInclude>
    <ClInclude Include="External\MathGeoLib\include\Math\float3x3.h">
      <Filter>Sources\Tools\MathGeoLib\Math</Filter>
    </ClInclude>
    <ClInclude Include="External\MathGeoLib\include\Math\float3x4.h">
      <Filter>Sources\Tools\MathGeoLib\Math</Filter>
    </ClInclude>
    <ClInclude Include="External\MathGeoLib\include\Math\float4.h">
      <Filter>Sources\Tools\MathGeoLib\Math</Filter>
    </ClInclude>
    <ClInclude Include="External\MathGeoLib\include\Math\float4_neon.h">
      <Filter>Sources\Tools\MathGeoLib\Math</Filter>
    </ClInclude>
    <ClInclude Include="External\MathGeoLib\include\Math\float4_sse.h">
      <Filter>Sources\Tools\MathGeoLib\Math</Filter>
    </ClInclude>
    <ClInclude Include="External\MathGeoLib\include\Math\float4d.h">
      <Filter>Sources\Tools\MathGeoLib\Math</Filter>
    </ClInclude>
    <ClInclude Include="External\MathGeoLib\include\Math\float4x4.h">
      <Filter>Sources\Tools\MathGeoLib\Math</Filter>
    </ClInclude>
    <ClInclude Include="External\MathGeoLib\include\Math\float4x4_neon.h">
      <Filter>Sources\Tools\MathGeoLib\Math</Filter>
    </ClInclude>
    <ClInclude Include="External\MathGeoLib\include\Math\float4x4_sse.h">
      <Filter>Sources\Tools\MathGeoLib\Math</Filter>
    </ClInclude>
    <ClInclude Include="External\MathGeoLib\include\Math\FloatCmp.h">
      <Filter>Sources\Tools\MathGeoLib\Math</Filter>
    </ClInclude>
    <ClInclude Include="External\MathGeoLib\include\Math\grisu3.h">
      <Filter>Sources\Tools\MathGeoLib\Math</Filter>
    </ClInclude>
    <ClInclude Include="External\MathGeoLib\include\Math\InclWindows.h">
      <Filter>Sources\Tools\MathGeoLib\Math</Filter>
    </ClInclude>
    <ClInclude Include="External\MathGeoLib\include\Math\Interpolate.h">
      <Filter>Sources\Tools\MathGeoLib\Math</Filter>
    </ClInclude>
    <ClInclude Include="External\MathGeoLib\include\Math\MathAll.h">
      <Filter>Sources\Tools\MathGeoLib\Math</Filter>
    </ClInclude>
    <ClInclude Include="External\MathGeoLib\include\Math\MathConstants.h">
      <Filter>Sources\Tools\MathGeoLib\Math</Filter>
    </ClInclude>
    <ClInclude Include="External\MathGeoLib\include\Math\MathFunc.h">
      <Filter>Sources\Tools\MathGeoLib\Math</Filter>
    </ClInclude>
    <ClInclude Include="External\MathGeoLib\include\Math\MathLog.h">
      <Filter>Sources\Tools\MathGeoLib\Math</Filter>
    </ClInclude>
    <ClInclude Include="External\MathGeoLib\include\Math\MathNamespace.h">
      <Filter>Sources\Tools\MathGeoLib\Math</Filter>
    </ClInclude>
    <ClInclude Include="External\MathGeoLib\include\Math\MathTypes.h">
      <Filter>Sources\Tools\MathGeoLib\Math</Filter>
    </ClInclude>
    <ClInclude Include="External\MathGeoLib\include\Math\MatrixProxy.h">
      <Filter>Sources\Tools\MathGeoLib\Math</Filter>
    </ClInclude>
    <ClInclude Include="External\MathGeoLib\include\Math\MiniFloat.h">
      <Filter>Sources\Tools\MathGeoLib\Math</Filter>
    </ClInclude>
    <ClInclude Include="External\MathGeoLib\include\Math\MultiLineMacro.h">
      <Filter>Sources\Tools\MathGeoLib\Math</Filter>
    </ClInclude>
    <ClInclude Include="External\MathGeoLib\include\Math\myassert.h">
      <Filter>Sources\Tools\MathGeoLib\Math</Filter>
    </ClInclude>
    <ClInclude Include="External\MathGeoLib\include\Math\Polynomial.h">
      <Filter>Sources\Tools\MathGeoLib\Math</Filter>
    </ClInclude>
    <ClInclude Include="External\MathGeoLib\include\Math\Quat.h">
      <Filter>Sources\Tools\MathGeoLib\Math</Filter>
    </ClInclude>
    <ClInclude Include="External\MathGeoLib\include\Math\quat_simd.h">
      <Filter>Sources\Tools\MathGeoLib\Math</Filter>
    </ClInclude>
    <ClInclude Include="External\MathGeoLib\include\Math\Rect.h">
      <Filter>Sources\Tools\MathGeoLib\Math</Filter>
    </ClInclude>
    <ClInclude Include="External\MathGeoLib\include\Math\Reinterpret.h">
      <Filter>Sources\Tools\MathGeoLib\Math</Filter>
    </ClInclude>
    <ClInclude Include="External\MathGeoLib\include\Math\simd.h">
      <Filter>Sources\Tools\MathGeoLib\Math</Filter>
    </ClInclude>
    <ClInclude Include="External\MathGeoLib\include\Math\sse_mathfun.h">
      <Filter>Sources\Tools\MathGeoLib\Math</Filter>
    </ClInclude>
    <ClInclude Include="External\MathGeoLib\include\Math\SSEMath.h">
      <Filter>Sources\Tools\MathGeoLib\Math</Filter>
    </ClInclude>
    <ClInclude Include="External\MathGeoLib\include\Math\Swap.h">
      <Filter>Sources\Tools\MathGeoLib\Math</Filter>
    </ClInclude>
    <ClInclude Include="External\MathGeoLib\include\Math\TransformOps.h">
      <Filter>Sources\Tools\MathGeoLib\Math</Filter>
    </ClInclude>
    <ClInclude Include="External\MathGeoLib\include\Math\vec2d.h">
      <Filter>Sources\Tools\MathGeoLib\Math</Filter>
    </ClInclude>
    <ClInclude Include="External\MathGeoLib\include\Geometry\Polyhedron.h">
      <Filter>Sources\Tools\MathGeoLib\Geometry</Filter>
    </ClInclude>
    <ClInclude Include="External\MathGeoLib\include\Geometry\QuadTree.h">
      <Filter>Sources\Tools\MathGeoLib\Geometry</Filter>
    </ClInclude>
    <ClInclude Include="External\MathGeoLib\include\Geometry\Ray.h">
      <Filter>Sources\Tools\MathGeoLib\Geometry</Filter>
    </ClInclude>
    <ClInclude Include="External\MathGeoLib\include\Geometry\Sphere.h">
      <Filter>Sources\Tools\MathGeoLib\Geometry</Filter>
    </ClInclude>
    <ClInclude Include="External\MathGeoLib\include\Geometry\Triangle.h">
      <Filter>Sources\Tools\MathGeoLib\Geometry</Filter>
    </ClInclude>
    <ClInclude Include="External\MathGeoLib\include\Geometry\Triangle2D.h">
      <Filter>Sources\Tools\MathGeoLib\Geometry</Filter>
    </ClInclude>
    <ClInclude Include="External\MathGeoLib\include\Geometry\TriangleMesh.h">
      <Filter>Sources\Tools\MathGeoLib\Geometry</Filter>
    </ClInclude>
    <ClInclude Include="External\MathGeoLib\include\Geometry\AABB.h">
      <Filter>Sources\Tools\MathGeoLib\Geometry</Filter>
    </ClInclude>
    <ClInclude Include="External\MathGeoLib\include\Geometry\AABB2D.h">
      <Filter>Sources\Tools\MathGeoLib\Geometry</Filter>
    </ClInclude>
    <ClInclude Include="External\MathGeoLib\include\Geometry\Capsule.h">
      <Filter>Sources\Tools\MathGeoLib\Geometry</Filter>
    </ClInclude>
    <ClInclude Include="External\MathGeoLib\include\Geometry\Circle.h">
      <Filter>Sources\Tools\MathGeoLib\Geometry</Filter>
    </ClInclude>
    <ClInclude Include="External\MathGeoLib\include\Geometry\Circle2D.h">
      <Filter>Sources\Tools\MathGeoLib\Geometry</Filter>
    </ClInclude>
    <ClInclude Include="External\MathGeoLib\include\Geometry\Frustum.h">
      <Filter>Sources\Tools\MathGeoLib\Geometry</Filter>
    </ClInclude>
    <ClInclude Include="External\MathGeoLib\include\Geometry\GeometryAll.h">
      <Filter>Sources\Tools\MathGeoLib\Geometry</Filter>
    </ClInclude>
    <ClInclude Include="External\MathGeoLib\include\Geometry\GeomType.h">
      <Filter>Sources\Tools\MathGeoLib\Geometry</Filter>
    </ClInclude>
    <ClInclude Include="External\MathGeoLib\include\Geometry\HitInfo.h">
      <Filter>Sources\Tools\MathGeoLib\Geometry</Filter>
    </ClInclude>
    <ClInclude Include="External\MathGeoLib\include\Geometry\KDTree.h">
      <Filter>Sources\Tools\MathGeoLib\Geometry</Filter>
    </ClInclude>
    <ClInclude Include="External\MathGeoLib\include\Geometry\Line.h">
      <Filter>Sources\Tools\MathGeoLib\Geometry</Filter>
    </ClInclude>
    <ClInclude Include="External\MathGeoLib\include\Geometry\LineSegment.h">
      <Filter>Sources\Tools\MathGeoLib\Geometry</Filter>
    </ClInclude>
    <ClInclude Include="External\MathGeoLib\include\Geometry\LineSegment2D.h">
      <Filter>Sources\Tools\MathGeoLib\Geometry</Filter>
    </ClInclude>
    <ClInclude Include="External\MathGeoLib\include\Geometry\OBB.h">
      <Filter>Sources\Tools\MathGeoLib\Geometry</Filter>
    </ClInclude>
    <ClInclude Include="External\MathGeoLib\include\Geometry\OBB2D.h">
      <Filter>Sources\Tools\MathGeoLib\Geometry</Filter>
    </ClInclude>
    <ClInclude Include="External\MathGeoLib\include\Geometry\PBVolume.h">
      <Filter>Sources\Tools\MathGeoLib\Geometry</Filter>
    </ClInclude>
    <ClInclude Include="External\MathGeoLib\include\Geometry\Plane.h">
      <Filter>Sources\Tools\MathGeoLib\Geometry</Filter>
    </ClInclude>
    <ClInclude Include="External\MathGeoLib\include\Geometry\Polygon.h">
      <Filter>Sources\Tools\MathGeoLib\Geometry</Filter>
    </ClInclude>
    <ClInclude Include="External\MathGeoLib\include\Geometry\Polygon2DRef.h">
      <Filter>Sources\Tools\MathGeoLib\Geometry</Filter>
    </ClInclude>
    <ClInclude Include="External\MathGeoLib\include\Algorithm\GJK.h">
      <Filter>Sources\Tools\MathGeoLib\Algorithm</Filter>
    </ClInclude>
    <ClInclude Include="External\MathGeoLib\include\Algorithm\GJK2D.h">
      <Filter>Sources\Tools\MathGeoLib\Algorithm</Filter>
    </ClInclude>
    <ClInclude Include="External\MathGeoLib\include\Algorithm\SAT.h">
      <Filter>Sources\Tools\MathGeoLib\Algorithm</Filter>
    </ClInclude>
    <ClInclude Include="External\MathGeoLib\include\Algorithm\Random\LCG.h">
      <Filter>Sources\Tools\MathGeoLib\Algorithm\Random</Filter>
    </ClInclude>
    <ClInclude Include="External\imgui\include\imgui.h">
      <Filter>Sources\Tools\imgui</Filter>
    </ClInclude>
    <ClInclude Include="External\imgui\include\imgui_impl_opengl3.h">
      <Filter>Sources\Tools\imgui</Filter>
    </ClInclude>
    <ClInclude Include="External\imgui\include\imgui_impl_opengl3_loader.h">
      <Filter>Sources\Tools\imgui</Filter>
    </ClInclude>
    <ClInclude Include="External\imgui\include\imgui_impl_sdl.h">
      <Filter>Sources\Tools\imgui</Filter>
    </ClInclude>
    <ClInclude Include="External\imgui\include\imgui_internal.h">
      <Filter>Sources\Tools\imgui</Filter>
    </ClInclude>
    <ClInclude Include="External\imgui\include\imstb_rectpack.h">
      <Filter>Sources\Tools\imgui</Filter>
    </ClInclude>
    <ClInclude Include="External\imgui\include\imstb_textedit.h">
      <Filter>Sources\Tools\imgui</Filter>
    </ClInclude>
    <ClInclude Include="External\imgui\include\imstb_truetype.h">
      <Filter>Sources\Tools\imgui</Filter>
    </ClInclude>
    <ClInclude Include="External\imgui\include\imconfig.h">
      <Filter>Sources\Tools\imgui</Filter>
    </ClInclude>
    <ClInclude Include="ModuleGuiManager.h">
      <Filter>Sources\Modules\GUI</Filter>
    </ClInclude>
    <ClInclude Include="PerfTimer.h">
      <Filter>Sources\Tools</Filter>
    </ClInclude>
    <ClInclude Include="External\GPUDetect\include\DeviceId.h">
      <Filter>Sources\Tools\GPUDetect</Filter>
    </ClInclude>
    <ClInclude Include="External\GPUDetect\include\dxgi1_4.h">
      <Filter>Sources\Tools\GPUDetect</Filter>
    </ClInclude>
    <ClInclude Include="ConsoleBuffer.h">
      <Filter>Sources\Tools</Filter>
    </ClInclude>
    <ClInclude Include="Math.h">
      <Filter>Sources\Tools\MathGeoLib</Filter>
    </ClInclude>
    <ClInclude Include="Panel.h">
      <Filter>Sources\Modules\GUI\Panels</Filter>
    </ClInclude>
    <ClInclude Include="PanelAbout.h">
      <Filter>Sources\Modules\GUI\Panels</Filter>
    </ClInclude>
    <ClInclude Include="PanelConsole.h">
      <Filter>Sources\Modules\GUI\Panels</Filter>
    </ClInclude>
    <ClInclude Include="PanelConfig.h">
      <Filter>Sources\Modules\GUI\Panels</Filter>
    </ClInclude>
    <ClInclude Include="RenderGlobals.h">
      <Filter>Sources\Tools\Glew</Filter>
    </ClInclude>
    <ClInclude Include="ModuleImporter.h">
      <Filter>Sources\Modules\Main</Filter>
    </ClInclude>
    <ClInclude Include="External\Assimp\include\ai_assert.h">
      <Filter>Sources\Tools\Assimp</Filter>
    </ClInclude>
    <ClInclude Include="External\Assimp\include\anim.h">
      <Filter>Sources\Tools\Assimp</Filter>
    </ClInclude>
    <ClInclude Include="External\Assimp\include\camera.h">
      <Filter>Sources\Tools\Assimp</Filter>
    </ClInclude>
    <ClInclude Include="External\Assimp\include\cexport.h">
      <Filter>Sources\Tools\Assimp</Filter>
    </ClInclude>
    <ClInclude Include="External\Assimp\include\cfileio.h">
      <Filter>Sources\Tools\Assimp</Filter>
    </ClInclude>
    <ClInclude Include="External\Assimp\include\cimport.h">
      <Filter>Sources\Tools\Assimp</Filter>
    </ClInclude>
    <ClInclude Include="External\Assimp\include\color4.h">
      <Filter>Sources\Tools\Assimp</Filter>
    </ClInclude>
    <ClInclude Include="External\Assimp\include\Compiler\poppack1.h">
      <Filter>Sources\Tools\Assimp</Filter>
    </ClInclude>
    <ClInclude Include="External\Assimp\include\Compiler\pstdint.h">
      <Filter>Sources\Tools\Assimp</Filter>
    </ClInclude>
    <ClInclude Include="External\Assimp\include\Compiler\pushpack1.h">
      <Filter>Sources\Tools\Assimp</Filter>
    </ClInclude>
    <ClInclude Include="External\Assimp\include\config.h">
      <Filter>Sources\Tools\Assimp</Filter>
    </ClInclude>
    <ClInclude Include="External\Assimp\include\DefaultLogger.hpp">
      <Filter>Sources\Tools\Assimp</Filter>
    </ClInclude>
    <ClInclude Include="External\Assimp\include\defs.h">
      <Filter>Sources\Tools\Assimp</Filter>
    </ClInclude>
    <ClInclude Include="External\Assimp\include\Exporter.hpp">
      <Filter>Sources\Tools\Assimp</Filter>
    </ClInclude>
    <ClInclude Include="External\Assimp\include\Importer.hpp">
      <Filter>Sources\Tools\Assimp</Filter>
    </ClInclude>
    <ClInclude Include="External\Assimp\include\importerdesc.h">
      <Filter>Sources\Tools\Assimp</Filter>
    </ClInclude>
    <ClInclude Include="External\Assimp\include\IOStream.hpp">
      <Filter>Sources\Tools\Assimp</Filter>
    </ClInclude>
    <ClInclude Include="External\Assimp\include\IOSystem.hpp">
      <Filter>Sources\Tools\Assimp</Filter>
    </ClInclude>
    <ClInclude Include="External\Assimp\include\light.h">
      <Filter>Sources\Tools\Assimp</Filter>
    </ClInclude>
    <ClInclude Include="External\Assimp\include\Logger.hpp">
      <Filter>Sources\Tools\Assimp</Filter>
    </ClInclude>
    <ClInclude Include="External\Assimp\include\LogStream.hpp">
      <Filter>Sources\Tools\Assimp</Filter>
    </ClInclude>
    <ClInclude Include="External\Assimp\include\material.h">
      <Filter>Sources\Tools\Assimp</Filter>
    </ClInclude>
    <ClInclude Include="External\Assimp\include\matrix3x3.h">
      <Filter>Sources\Tools\Assimp</Filter>
    </ClInclude>
    <ClInclude Include="External\Assimp\include\matrix4x4.h">
      <Filter>Sources\Tools\Assimp</Filter>
    </ClInclude>
    <ClInclude Include="External\Assimp\include\mesh.h">
      <Filter>Sources\Tools\Assimp</Filter>
    </ClInclude>
    <ClInclude Include="External\Assimp\include\metadata.h">
      <Filter>Sources\Tools\Assimp</Filter>
    </ClInclude>
    <ClInclude Include="External\Assimp\include\NullLogger.hpp">
      <Filter>Sources\Tools\Assimp</Filter>
    </ClInclude>
    <ClInclude Include="External\Assimp\include\port\AndroidJNI\AndroidJNIIOSystem.h">
      <Filter>Sources\Tools\Assimp</Filter>
    </ClInclude>
    <ClInclude Include="External\Assimp\include\postprocess.h">
      <Filter>Sources\Tools\Assimp</Filter>
    </ClInclude>
    <ClInclude Include="External\Assimp\include\ProgressHandler.hpp">
      <Filter>Sources\Tools\Assimp</Filter>
    </ClInclude>
    <ClInclude Include="External\Assimp\include\quaternion.h">
      <Filter>Sources\Tools\Assimp</Filter>
    </ClInclude>
    <ClInclude Include="External\Assimp\include\scene.h">
      <Filter>Sources\Tools\Assimp</Filter>
    </ClInclude>
    <ClInclude Include="External\Assimp\include\texture.h">
      <Filter>Sources\Tools\Assimp</Filter>
    </ClInclude>
    <ClInclude Include="External\Assimp\include\types.h">
      <Filter>Sources\Tools\Assimp</Filter>
    </ClInclude>
    <ClInclude Include="External\Assimp\include\vector2.h">
      <Filter>Sources\Tools\Assimp</Filter>
    </ClInclude>
    <ClInclude Include="External\Assimp\include\vector3.h">
      <Filter>Sources\Tools\Assimp</Filter>
    </ClInclude>
    <ClInclude Include="External\Assimp\include\version.h">
      <Filter>Sources\Tools\Assimp</Filter>
    </ClInclude>
    <ClInclude Include="External\DevIL\include\devil_cpp_wrapper.hpp">
      <Filter>Sources\Tools\DevIL</Filter>
    </ClInclude>
    <ClInclude Include="External\DevIL\include\devil_internal_exports.h">
      <Filter>Sources\Tools\DevIL</Filter>
    </ClInclude>
    <ClInclude Include="External\DevIL\include\il.h">
      <Filter>Sources\Tools\DevIL</Filter>
    </ClInclude>
    <ClInclude Include="External\DevIL\include\ilu.h">
      <Filter>Sources\Tools\DevIL</Filter>
    </ClInclude>
    <ClInclude Include="External\DevIL\include\ilut.h">
      <Filter>Sources\Tools\DevIL</Filter>
    </ClInclude>
    <ClInclude Include="External\DevIL\include\ilut_config.h">
      <Filter>Sources\Tools\DevIL</Filter>
    </ClInclude>
    <ClInclude Include="External\DevIL\include\ilu_region.h">
      <Filter>Sources\Tools\DevIL</Filter>
    </ClInclude>
    <ClInclude Include="External\DevIL\include\il_wrap.h">
      <Filter>Sources\Tools\DevIL</Filter>
    </ClInclude>
    <ClInclude Include="External\imgui\include\imgui_stdlib.h">
      <Filter>Sources\Tools\imgui</Filter>
    </ClInclude>
    <ClInclude Include="Gameobject.h">
      <Filter>Sources\GameObjects</Filter>
    </ClInclude>
    <ClInclude Include="PanelHierarchy.h">
      <Filter>Sources\Modules\GUI\Panels</Filter>
    </ClInclude>
    <ClInclude Include="ComponentTransform.h">
      <Filter>Sources\GameObjects\Components</Filter>
    </ClInclude>
    <ClInclude Include="Component.h">
      <Filter>Sources\GameObjects\Components</Filter>
    </ClInclude>
    <ClInclude Include="ComponentMaterial.h">
      <Filter>Sources\GameObjects\Components</Filter>
    </ClInclude>
    <ClInclude Include="ComponentMesh.h">
      <Filter>Sources\GameObjects\Components</Filter>
    </ClInclude>
    <ClInclude Include="Light.h">
      <Filter>Sources\GameObjects\Components</Filter>
    </ClInclude>
    <ClInclude Include="glmath.h">
      <Filter>Sources\Containers</Filter>
    </ClInclude>
    <ClInclude Include="ModuleGameObjects.h">
      <Filter>Sources\GameObjects</Filter>
    </ClInclude>
    <ClInclude Include="ModuleScene.h">
      <Filter>Sources\Modules\Main</Filter>
    </ClInclude>
    <ClInclude Include="PanelInspector.h">
      <Filter>Sources\Modules\GUI\Panels</Filter>
    </ClInclude>
    <ClInclude Include="External\PhysFS\include\physfs.h">
      <Filter>Sources\Tools\PhysFS</Filter>
    </ClInclude>
    <ClInclude Include="External\rapidjson-1.1.0\include\allocators.h">
      <Filter>Sources\Tools\rapidjson</Filter>
    </ClInclude>
    <ClInclude Include="External\rapidjson-1.1.0\include\document.h">
      <Filter>Sources\Tools\rapidjson</Filter>
    </ClInclude>
    <ClInclude Include="External\rapidjson-1.1.0\include\encodedstream.h">
      <Filter>Sources\Tools\rapidjson</Filter>
    </ClInclude>
    <ClInclude Include="External\rapidjson-1.1.0\include\encodings.h">
      <Filter>Sources\Tools\rapidjson</Filter>
    </ClInclude>
    <ClInclude Include="External\rapidjson-1.1.0\include\filereadstream.h">
      <Filter>Sources\Tools\rapidjson</Filter>
    </ClInclude>
    <ClInclude Include="External\rapidjson-1.1.0\include\filewritestream.h">
      <Filter>Sources\Tools\rapidjson</Filter>
    </ClInclude>
    <ClInclude Include="External\rapidjson-1.1.0\include\fwd.h">
      <Filter>Sources\Tools\rapidjson</Filter>
    </ClInclude>
    <ClInclude Include="External\rapidjson-1.1.0\include\istreamwrapper.h">
      <Filter>Sources\Tools\rapidjson</Filter>
    </ClInclude>
    <ClInclude Include="External\rapidjson-1.1.0\include\memorybuffer.h">
      <Filter>Sources\Tools\rapidjson</Filter>
    </ClInclude>
    <ClInclude Include="External\rapidjson-1.1.0\include\memorystream.h">
      <Filter>Sources\Tools\rapidjson</Filter>
    </ClInclude>
    <ClInclude Include="External\rapidjson-1.1.0\include\ostreamwrapper.h">
      <Filter>Sources\Tools\rapidjson</Filter>
    </ClInclude>
    <ClInclude Include="External\rapidjson-1.1.0\include\pointer.h">
      <Filter>Sources\Tools\rapidjson</Filter>
    </ClInclude>
    <ClInclude Include="External\rapidjson-1.1.0\include\prettywriter.h">
      <Filter>Sources\Tools\rapidjson</Filter>
    </ClInclude>
    <ClInclude Include="External\rapidjson-1.1.0\include\rapidjson.h">
      <Filter>Sources\Tools\rapidjson</Filter>
    </ClInclude>
    <ClInclude Include="External\rapidjson-1.1.0\include\reader.h">
      <Filter>Sources\Tools\rapidjson</Filter>
    </ClInclude>
    <ClInclude Include="External\rapidjson-1.1.0\include\schema.h">
      <Filter>Sources\Tools\rapidjson</Filter>
    </ClInclude>
    <ClInclude Include="External\rapidjson-1.1.0\include\stream.h">
      <Filter>Sources\Tools\rapidjson</Filter>
    </ClInclude>
    <ClInclude Include="External\rapidjson-1.1.0\include\stringbuffer.h">
      <Filter>Sources\Tools\rapidjson</Filter>
    </ClInclude>
    <ClInclude Include="External\rapidjson-1.1.0\include\writer.h">
      <Filter>Sources\Tools\rapidjson</Filter>
    </ClInclude>
    <ClInclude Include="External\rapidjson-1.1.0\include\error\en.h">
      <Filter>Sources\Tools\rapidjson\error</Filter>
    </ClInclude>
    <ClInclude Include="External\rapidjson-1.1.0\include\error\error.h">
      <Filter>Sources\Tools\rapidjson\error</Filter>
    </ClInclude>
    <ClInclude Include="External\rapidjson-1.1.0\include\internal\biginteger.h">
      <Filter>Sources\Tools\rapidjson\internal</Filter>
    </ClInclude>
    <ClInclude Include="External\rapidjson-1.1.0\include\internal\diyfp.h">
      <Filter>Sources\Tools\rapidjson\internal</Filter>
    </ClInclude>
    <ClInclude Include="External\rapidjson-1.1.0\include\internal\dtoa.h">
      <Filter>Sources\Tools\rapidjson\internal</Filter>
    </ClInclude>
    <ClInclude Include="External\rapidjson-1.1.0\include\internal\ieee754.h">
      <Filter>Sources\Tools\rapidjson\internal</Filter>
    </ClInclude>
    <ClInclude Include="External\rapidjson-1.1.0\include\internal\itoa.h">
      <Filter>Sources\Tools\rapidjson\internal</Filter>
    </ClInclude>
    <ClInclude Include="External\rapidjson-1.1.0\include\internal\meta.h">
      <Filter>Sources\Tools\rapidjson\internal</Filter>
    </ClInclude>
    <ClInclude Include="External\rapidjson-1.1.0\include\internal\pow10.h">
      <Filter>Sources\Tools\rapidjson\internal</Filter>
    </ClInclude>
    <ClInclude Include="External\rapidjson-1.1.0\include\internal\regex.h">
      <Filter>Sources\Tools\rapidjson\internal</Filter>
    </ClInclude>
    <ClInclude Include="External\rapidjson-1.1.0\include\internal\stack.h">
      <Filter>Sources\Tools\rapidjson\internal</Filter>
    </ClInclude>
    <ClInclude Include="External\rapidjson-1.1.0\include\internal\strfunc.h">
      <Filter>Sources\Tools\rapidjson\internal</Filter>
    </ClInclude>
    <ClInclude Include="External\rapidjson-1.1.0\include\internal\strtod.h">
      <Filter>Sources\Tools\rapidjson\internal</Filter>
    </ClInclude>
    <ClInclude Include="External\rapidjson-1.1.0\include\internal\swap.h">
      <Filter>Sources\Tools\rapidjson\internal</Filter>
    </ClInclude>
    <ClInclude Include="External\rapidjson-1.1.0\include\msinttypes\inttypes.h">
      <Filter>Sources\Tools\rapidjson\msinttypes</Filter>
    </ClInclude>
    <ClInclude Include="External\rapidjson-1.1.0\include\msinttypes\stdint.h">
      <Filter>Sources\Tools\rapidjson\msinttypes</Filter>
    </ClInclude>
    <ClInclude Include="ModuleFileSystem.h">
      <Filter>Sources\Modules\Main</Filter>
    </ClInclude>
    <ClInclude Include="PanelSceneView.h">
      <Filter>Sources\Modules\GUI\Panels</Filter>
    </ClInclude>
    <ClInclude Include="par_shapes.h">
      <Filter>Sources\Containers</Filter>
    </ClInclude>
    <ClInclude Include="ModuleResources.h">
      <Filter>Sources\Modules\Main</Filter>
    </ClInclude>
    <ClInclude Include="Resource.h">
      <Filter>Sources\GameObjects\Resources</Filter>
    </ClInclude>
    <ClInclude Include="ResourceMaterial.h">
      <Filter>Sources\GameObjects\Resources</Filter>
    </ClInclude>
    <ClInclude Include="ResourceMesh.h">
      <Filter>Sources\GameObjects\Resources</Filter>
    </ClInclude>
  </ItemGroup>
  <ItemGroup>
    <ClCompile Include="log.cpp">
      <Filter>Sources\Tools</Filter>
    </ClCompile>
    <ClCompile Include="Timer.cpp">
      <Filter>Sources\Tools</Filter>
    </ClCompile>
    <ClCompile Include="Application.cpp">
      <Filter>Sources</Filter>
    </ClCompile>
    <ClCompile Include="Main.cpp">
      <Filter>Sources</Filter>
    </ClCompile>
    <ClCompile Include="Color.cpp">
      <Filter>Sources\Containers</Filter>
    </ClCompile>
    <ClCompile Include="ModuleCamera3D.cpp">
      <Filter>Sources\Modules\Main</Filter>
    </ClCompile>
    <ClCompile Include="ModuleInput.cpp">
      <Filter>Sources\Modules\Main</Filter>
    </ClCompile>
    <ClCompile Include="ModuleRenderer3D.cpp">
      <Filter>Sources\Modules\Main</Filter>
    </ClCompile>
    <ClCompile Include="ModuleWindow.cpp">
      <Filter>Sources\Modules\Main</Filter>
    </ClCompile>
    <ClCompile Include="External\MathGeoLib\include\Time\Clock.cpp">
      <Filter>Sources\Tools\MathGeoLib\Time</Filter>
    </ClCompile>
    <ClCompile Include="External\MathGeoLib\include\Math\BitOps.cpp">
      <Filter>Sources\Tools\MathGeoLib\Math</Filter>
    </ClCompile>
    <ClCompile Include="External\MathGeoLib\include\Math\Callstack.cpp">
      <Filter>Sources\Tools\MathGeoLib\Math</Filter>
    </ClCompile>
    <ClCompile Include="External\MathGeoLib\include\Math\float2.cpp">
      <Filter>Sources\Tools\MathGeoLib\Math</Filter>
    </ClCompile>
    <ClCompile Include="External\MathGeoLib\include\Math\float3.cpp">
      <Filter>Sources\Tools\MathGeoLib\Math</Filter>
    </ClCompile>
    <ClCompile Include="External\MathGeoLib\include\Math\float3x3.cpp">
      <Filter>Sources\Tools\MathGeoLib\Math</Filter>
    </ClCompile>
    <ClCompile Include="External\MathGeoLib\include\Math\float3x4.cpp">
      <Filter>Sources\Tools\MathGeoLib\Math</Filter>
    </ClCompile>
    <ClCompile Include="External\MathGeoLib\include\Math\float4.cpp">
      <Filter>Sources\Tools\MathGeoLib\Math</Filter>
    </ClCompile>
    <ClCompile Include="External\MathGeoLib\include\Math\float4d.cpp">
      <Filter>Sources\Tools\MathGeoLib\Math</Filter>
    </ClCompile>
    <ClCompile Include="External\MathGeoLib\include\Math\float4x4.cpp">
      <Filter>Sources\Tools\MathGeoLib\Math</Filter>
    </ClCompile>
    <ClCompile Include="External\MathGeoLib\include\Math\grisu3.c">
      <Filter>Sources\Tools\MathGeoLib\Math</Filter>
    </ClCompile>
    <ClCompile Include="External\MathGeoLib\include\Math\grisu3_cpp.cpp">
      <Filter>Sources\Tools\MathGeoLib\Math</Filter>
    </ClCompile>
    <ClCompile Include="External\MathGeoLib\include\Math\MathFunc.cpp">
      <Filter>Sources\Tools\MathGeoLib\Math</Filter>
    </ClCompile>
    <ClCompile Include="External\MathGeoLib\include\Math\MathLog.cpp">
      <Filter>Sources\Tools\MathGeoLib\Math</Filter>
    </ClCompile>
    <ClCompile Include="External\MathGeoLib\include\Math\MathOps.cpp">
      <Filter>Sources\Tools\MathGeoLib\Math</Filter>
    </ClCompile>
    <ClCompile Include="External\MathGeoLib\include\Math\MiniFloat.cpp">
      <Filter>Sources\Tools\MathGeoLib\Math</Filter>
    </ClCompile>
    <ClCompile Include="External\MathGeoLib\include\Math\Polynomial.cpp">
      <Filter>Sources\Tools\MathGeoLib\Math</Filter>
    </ClCompile>
    <ClCompile Include="External\MathGeoLib\include\Math\Quat.cpp">
      <Filter>Sources\Tools\MathGeoLib\Math</Filter>
    </ClCompile>
    <ClCompile Include="External\MathGeoLib\include\Math\SSEMath.cpp">
      <Filter>Sources\Tools\MathGeoLib\Math</Filter>
    </ClCompile>
    <ClCompile Include="External\MathGeoLib\include\Math\TransformOps.cpp">
      <Filter>Sources\Tools\MathGeoLib\Math</Filter>
    </ClCompile>
    <ClCompile Include="External\MathGeoLib\include\Geometry\Polyhedron.cpp">
      <Filter>Sources\Tools\MathGeoLib\Geometry</Filter>
    </ClCompile>
    <ClCompile Include="External\MathGeoLib\include\Geometry\Ray.cpp">
      <Filter>Sources\Tools\MathGeoLib\Geometry</Filter>
    </ClCompile>
    <ClCompile Include="External\MathGeoLib\include\Geometry\Sphere.cpp">
      <Filter>Sources\Tools\MathGeoLib\Geometry</Filter>
    </ClCompile>
    <ClCompile Include="External\MathGeoLib\include\Geometry\Triangle.cpp">
      <Filter>Sources\Tools\MathGeoLib\Geometry</Filter>
    </ClCompile>
    <ClCompile Include="External\MathGeoLib\include\Geometry\Triangle2D.cpp">
      <Filter>Sources\Tools\MathGeoLib\Geometry</Filter>
    </ClCompile>
    <ClCompile Include="External\MathGeoLib\include\Geometry\TriangleMesh.cpp">
      <Filter>Sources\Tools\MathGeoLib\Geometry</Filter>
    </ClCompile>
    <ClCompile Include="External\MathGeoLib\include\Geometry\AABB.cpp">
      <Filter>Sources\Tools\MathGeoLib\Geometry</Filter>
    </ClCompile>
    <ClCompile Include="External\MathGeoLib\include\Geometry\Capsule.cpp">
      <Filter>Sources\Tools\MathGeoLib\Geometry</Filter>
    </ClCompile>
    <ClCompile Include="External\MathGeoLib\include\Geometry\Circle.cpp">
      <Filter>Sources\Tools\MathGeoLib\Geometry</Filter>
    </ClCompile>
    <ClCompile Include="External\MathGeoLib\include\Geometry\Circle2D.cpp">
      <Filter>Sources\Tools\MathGeoLib\Geometry</Filter>
    </ClCompile>
    <ClCompile Include="External\MathGeoLib\include\Geometry\Frustum.cpp">
      <Filter>Sources\Tools\MathGeoLib\Geometry</Filter>
    </ClCompile>
    <ClCompile Include="External\MathGeoLib\include\Geometry\Line.cpp">
      <Filter>Sources\Tools\MathGeoLib\Geometry</Filter>
    </ClCompile>
    <ClCompile Include="External\MathGeoLib\include\Geometry\LineSegment.cpp">
      <Filter>Sources\Tools\MathGeoLib\Geometry</Filter>
    </ClCompile>
    <ClCompile Include="External\MathGeoLib\include\Geometry\LineSegment2D.cpp">
      <Filter>Sources\Tools\MathGeoLib\Geometry</Filter>
    </ClCompile>
    <ClCompile Include="External\MathGeoLib\include\Geometry\OBB.cpp">
      <Filter>Sources\Tools\MathGeoLib\Geometry</Filter>
    </ClCompile>
    <ClCompile Include="External\MathGeoLib\include\Geometry\PBVolume.cpp">
      <Filter>Sources\Tools\MathGeoLib\Geometry</Filter>
    </ClCompile>
    <ClCompile Include="External\MathGeoLib\include\Geometry\Plane.cpp">
      <Filter>Sources\Tools\MathGeoLib\Geometry</Filter>
    </ClCompile>
    <ClCompile Include="External\MathGeoLib\include\Geometry\Polygon.cpp">
      <Filter>Sources\Tools\MathGeoLib\Geometry</Filter>
    </ClCompile>
    <ClCompile Include="External\MathGeoLib\include\Algorithm\GJK.cpp">
      <Filter>Sources\Tools\MathGeoLib\Algorithm</Filter>
    </ClCompile>
    <ClCompile Include="External\MathGeoLib\include\Algorithm\GJK2D.cpp">
      <Filter>Sources\Tools\MathGeoLib\Algorithm</Filter>
    </ClCompile>
    <ClCompile Include="External\MathGeoLib\include\Algorithm\SAT.cpp">
      <Filter>Sources\Tools\MathGeoLib\Algorithm</Filter>
    </ClCompile>
    <ClCompile Include="External\MathGeoLib\include\Algorithm\Random\LCG.cpp">
      <Filter>Sources\Tools\MathGeoLib\Algorithm\Random</Filter>
    </ClCompile>
    <ClCompile Include="External\imgui\include\imgui.cpp">
      <Filter>Sources\Tools\imgui</Filter>
    </ClCompile>
    <ClCompile Include="External\imgui\include\imgui_demo.cpp">
      <Filter>Sources\Tools\imgui</Filter>
    </ClCompile>
    <ClCompile Include="External\imgui\include\imgui_draw.cpp">
      <Filter>Sources\Tools\imgui</Filter>
    </ClCompile>
    <ClCompile Include="External\imgui\include\imgui_impl_opengl3.cpp">
      <Filter>Sources\Tools\imgui</Filter>
    </ClCompile>
    <ClCompile Include="External\imgui\include\imgui_impl_sdl.cpp">
      <Filter>Sources\Tools\imgui</Filter>
    </ClCompile>
    <ClCompile Include="External\imgui\include\imgui_tables.cpp">
      <Filter>Sources\Tools\imgui</Filter>
    </ClCompile>
    <ClCompile Include="External\imgui\include\imgui_widgets.cpp">
      <Filter>Sources\Tools\imgui</Filter>
    </ClCompile>
    <ClCompile Include="ModuleGuiManager.cpp">
      <Filter>Sources\Modules\GUI</Filter>
    </ClCompile>
    <ClCompile Include="PerfTimer.cpp">
      <Filter>Sources\Tools</Filter>
    </ClCompile>
    <ClCompile Include="External\GPUDetect\include\DeviceId.cpp">
      <Filter>Sources\Tools\GPUDetect</Filter>
    </ClCompile>
    <ClCompile Include="PanelAbout.cpp">
      <Filter>Sources\Modules\GUI\Panels</Filter>
    </ClCompile>
    <ClCompile Include="PanelConsole.cpp">
      <Filter>Sources\Modules\GUI\Panels</Filter>
    </ClCompile>
    <ClCompile Include="PanelConfig.cpp">
      <Filter>Sources\Modules\GUI\Panels</Filter>
    </ClCompile>
    <ClCompile Include="ModuleImporter.cpp">
      <Filter>Sources\Modules\Main</Filter>
    </ClCompile>
    <ClCompile Include="External\imgui\include\imgui_stdlib.cpp">
      <Filter>Sources\Tools\imgui</Filter>
    </ClCompile>
    <ClCompile Include="Gameobject.cpp">
      <Filter>Sources\GameObjects</Filter>
    </ClCompile>
    <ClCompile Include="PanelHierarchy.cpp">
      <Filter>Sources\Modules\GUI\Panels</Filter>
    </ClCompile>
    <ClCompile Include="ComponentMaterial.cpp">
      <Filter>Sources\GameObjects\Components</Filter>
    </ClCompile>
    <ClCompile Include="ComponentMesh.cpp">
      <Filter>Sources\GameObjects\Components</Filter>
    </ClCompile>
    <ClCompile Include="ComponentTransform.cpp">
      <Filter>Sources\GameObjects\Components</Filter>
    </ClCompile>
    <ClCompile Include="Light.cpp">
      <Filter>Sources\GameObjects\Components</Filter>
    </ClCompile>
    <ClCompile Include="glmath.cpp">
      <Filter>Sources\Containers</Filter>
    </ClCompile>
    <ClCompile Include="ModuleGameObjects.cpp">
      <Filter>Sources\GameObjects</Filter>
    </ClCompile>
    <ClCompile Include="ModuleScene.cpp">
      <Filter>Sources\Modules\Main</Filter>
    </ClCompile>
    <ClCompile Include="PanelInspector.cpp">
      <Filter>Sources\Modules\GUI\Panels</Filter>
    </ClCompile>
    <ClCompile Include="ModuleFileSystem.cpp">
      <Filter>Sources\Modules\Main</Filter>
    </ClCompile>
    <ClCompile Include="PanelSceneView.cpp">
      <Filter>Sources\Modules\GUI\Panels</Filter>
    </ClCompile>
    <ClCompile Include="par_shapes.cpp">
      <Filter>Sources\Containers</Filter>
    </ClCompile>
    <ClCompile Include="ModuleResources.cpp">
      <Filter>Sources\Modules\Main</Filter>
    </ClCompile>
    <ClCompile Include="ResourceMaterial.cpp">
      <Filter>Sources\GameObjects\Resources</Filter>
    </ClCompile>
    <ClCompile Include="ResourceMesh.cpp">
      <Filter>Sources\GameObjects\Resources</Filter>
    </ClCompile>
  </ItemGroup>
  <ItemGroup>
    <None Include="External\MathGeoLib\include\Math\float2.inl">
      <Filter>Sources\Tools\MathGeoLib\Math</Filter>
    </None>
    <None Include="External\MathGeoLib\include\Math\Matrix.inl">
      <Filter>Sources\Tools\MathGeoLib\Math</Filter>
    </None>
    <None Include="External\MathGeoLib\include\Geometry\QuadTree.inl">
      <Filter>Sources\Tools\MathGeoLib\Geometry</Filter>
    </None>
    <None Include="External\MathGeoLib\include\Geometry\TriangleMesh_IntersectRay_AVX.inl">
      <Filter>Sources\Tools\MathGeoLib\Geometry</Filter>
    </None>
    <None Include="External\MathGeoLib\include\Geometry\TriangleMesh_IntersectRay_CPP.inl">
      <Filter>Sources\Tools\MathGeoLib\Geometry</Filter>
    </None>
    <None Include="External\MathGeoLib\include\Geometry\TriangleMesh_IntersectRay_SSE.inl">
      <Filter>Sources\Tools\MathGeoLib\Geometry</Filter>
    </None>
    <None Include="External\MathGeoLib\include\Geometry\KDTree.inl">
      <Filter>Sources\Tools\MathGeoLib\Geometry</Filter>
    </None>
    <None Include="External\Assimp\include\color4.inl">
      <Filter>Sources\Tools\Assimp</Filter>
    </None>
    <None Include="External\Assimp\include\material.inl">
      <Filter>Sources\Tools\Assimp</Filter>
    </None>
    <None Include="External\Assimp\include\matrix3x3.inl">
      <Filter>Sources\Tools\Assimp</Filter>
    </None>
    <None Include="External\Assimp\include\matrix4x4.inl">
      <Filter>Sources\Tools\Assimp</Filter>
    </None>
    <None Include="External\Assimp\include\quaternion.inl">
      <Filter>Sources\Tools\Assimp</Filter>
    </None>
    <None Include="External\Assimp\include\vector2.inl">
      <Filter>Sources\Tools\Assimp</Filter>
    </None>
    <None Include="External\Assimp\include\vector3.inl">
      <Filter>Sources\Tools\Assimp</Filter>
    </None>
  </ItemGroup>
</Project>